
Microsoft Visual Studio Solution File, Format Version 12.00
Project("{FAE04EC0-301F-11D3-BF4B-00C04F79EFBC}") = "OpenXMLDocument", "OpenXMLDocument\OpenXMLDocument.csproj", "{D6F6F82D-A234-4DE0-BD5B-E83BBCB6DEFB}"
EndProject
Global
	GlobalSection(SolutionConfigurationPlatforms) = preSolution
		Debug|Any CPU = Debug|Any CPU
		Release|Any CPU = Release|Any CPU
	EndGlobalSection
	GlobalSection(ProjectConfigurationPlatforms) = postSolution
		{D6F6F82D-A234-4DE0-BD5B-E83BBCB6DEFB}.Debug|Any CPU.ActiveCfg = Debug|Any CPU
		{D6F6F82D-A234-4DE0-BD5B-E83BBCB6DEFB}.Debug|Any CPU.Build.0 = Debug|Any CPU
		{D6F6F82D-A234-4DE0-BD5B-E83BBCB6DEFB}.Release|Any CPU.ActiveCfg = Release|Any CPU
		{D6F6F82D-A234-4DE0-BD5B-E83BBCB6DEFB}.Release|Any CPU.Build.0 = Release|Any CPU
	EndGlobalSection
EndGlobal
